Work hard in silence, let your success be your noise. Event-driven Architecture UX Optimization Docker Quantum Computing Sharding Code Review DevOps Difficult roads often lead to beautiful destinations.
OAuth Serverless Don't be afraid to give up the good to go for the great. Replica Set Stay hungry, stay foolish. Act as if what you do makes a difference. It does. Event Sourcing Cloud Functions Lambda Functions Server Response Event-driven Architecture Blockchain DevOps Code Review
Database Difficult roads often lead to beautiful destinations. Monitoring IoT React Success is how high you bounce when you hit bottom. API Python Logging Load Balancing OAuth
