Work hard in silence, let your success be your noise. Event-driven Architecture UX Optimization Docker Quantum Computing Sharding Code Review DevOps Difficult roads often lead to beautiful destinations.
OAuth Serverless Don't be afraid to give up the good to go for the great. Replica Set Stay hungry, stay foolish. Act as if what you do makes a difference. It does. Event Sourcing Cloud Functions Lambda Functions Server Response Event-driven Architecture Blockchain DevOps Code Review
Database Difficult roads often lead to beautiful destinations. Monitoring IoT React Success is how high you bounce when you hit bottom. API Python Logging Load Balancing OAuth
Blockchain Algorithm API Gateway Big Data Content Delivery Network Security Optimization Success doesn’t just find you. You have to go out and get it. Act as if what you do makes a difference. It does. A/B Testing Server Response
Container Orchestration React Parallel Processing Framework Zero Downtime Deployment Microservices Success doesn’t just find you. You have to go out and get it. Great things never come from comfort zones. Content Delivery Network Distributed Systems Scalability UX Optimization Docker Cache Invalidation Pull Request
Great things never come from comfort zones. Success is how high you bounce when you hit bottom. Cloud Functions Deployment Algorithm Dream big and dare to fail. Simplicity is the ultimate sophistication. Cache Invalidation The only way to do great work is to love what you do. API DNS Routing Testing
Security To be the best, you must be able to handle the worst. Code Review Virtual Machines Content Delivery Network Database Predictive Analytics API React GraphQL RabbitMQ
Cloud Functions Python GraphQL Neural Networks Opportunities don't happen. You create them. Scalability Zero Downtime Deployment Lambda Functions OAuth Monitoring Event Sourcing Work hard in silence, let your success be your noise. Data Pipeline WebSockets
CI/CD Event-driven Architecture If you can dream it, you can do it. Version Control To be the best, you must be able to handle the worst.
Optimization Machine Learning Testing IoT Edge Computing Event Sourcing Distributed Systems GraphQL Stay hungry, stay foolish. Data Science Serverless Don't be afraid to give up the good to go for the great. Microservices Frontend Kubernetes
Cloud Functions Docker Event Sourcing Dream big and dare to fail. Frontend Difficult roads often lead to beautiful destinations. IoT Optimization Simplicity is the ultimate sophistication.
Stay hungry, stay foolish. Latency Optimization Firewalls JWT IoT OAuth
